// !$*UTF8*$!
{
	archiveVersion = 1;
	classes = {
	};
	objectVersion = 46;
	objects = {

/* Begin PBXBuildFile section */
		D2E90EFC1BD6B79200490462 /* main.m in Sources */ = {isa = PBXBuildFile; fileRef = D2E90EFB1BD6B79200490462 /* main.m */; };
		D2E90EFF1BD6B79200490462 /* AppDelegate.m in Sources */ = {isa = PBXBuildFile; fileRef = D2E90EFE1BD6B79200490462 /* AppDelegate.m */; };
		D2E90F021BD6B79200490462 /* ViewController.m in Sources */ = {isa = PBXBuildFile; fileRef = D2E90F011BD6B79200490462 /* ViewController.m */; };
		D2E90F051BD6B79200490462 /* Main.storyboard in Resources */ = {isa = PBXBuildFile; fileRef = D2E90F031BD6B79200490462 /* Main.storyboard */; };
		D2E90F071BD6B79200490462 /* Assets.xcassets in Resources */ = {isa = PBXBuildFile; fileRef = D2E90F061BD6B79200490462 /* Assets.xcassets */; };
		D2E90F0A1BD6B79200490462 /* LaunchScreen.storyboard in Resources */ = {isa = PBXBuildFile; fileRef = D2E90F081BD6B79200490462 /* LaunchScreen.storyboard */; };
		D2E90F151BD6B79200490462 /* Custom_ActivityTests.m in Sources */ = {isa = PBXBuildFile; fileRef = D2E90F141BD6B79200490462 /* Custom_ActivityTests.m */; };
		D2E90F201BD6B79200490462 /* Custom_ActivityUITests.m in Sources */ = {isa = PBXBuildFile; fileRef = D2E90F1F1BD6B79200490462 /* Custom_ActivityUITests.m */; };
/* End PBXBuildFile section */

/* Begin PBXContainerItemProxy section */
		D2E90F111BD6B79200490462 /* PBXContainerItemProxy */ = {
			isa = PBXContainerItemProxy;
			containerPortal = D2E90EEF1BD6B79200490462 /* Project object */;
			proxyType = 1;
			remoteGlobalIDString = D2E90EF61BD6B79200490462;
			remoteInfo = "Custom Activity";
		};
		D2E90F1C1BD6B79200490462 /* PBXContainerItemProxy */ = {
			isa = PBXContainerItemProxy;
			containerPortal = D2E90EEF1BD6B79200490462 /* Project object */;
			proxyType = 1;
			remoteGlobalIDString = D2E90EF61BD6B79200490462;
			remoteInfo = "Custom Activity";
		};
/* End PBXContainerItemProxy section */

/* Begin PBXFileReference section */
		D2E90EF71BD6B79200490462 /* Custom Activity.app */ = {isa = PBXFileReference; explicitFileType = wrapper.application; includeInIndex = 0; path = "Custom Activity.app"; sourceTree = BUILT_PRODUCTS_DIR; };
		D2E90EFB1BD6B79200490462 /* main.m */ = {isa = PBXFileReference; lastKnownFileType = sourcecode.c.objc; path = main.m; sourceTree = "<group>"; };
		D2E90EFD1BD6B79200490462 /* AppDelegate.h */ = {isa = PBXFileReference; lastKnownFileType = sourcecode.c.h; path = AppDelegate.h; sourceTree = "<group>"; };
		D2E90EFE1BD6B79200490462 /* AppDelegate.m */ = {isa = PBXFileReference; lastKnownFileType = sourcecode.c.objc; path = AppDelegate.m; sourceTree = "<group>"; };
		D2E90F001BD6B79200490462 /* ViewController.h */ = {isa = PBXFileReference; lastKnownFileType = sourcecode.c.h; path = ViewController.h; sourceTree = "<group>"; };
		D2E90F011BD6B79200490462 /* ViewController.m */ = {isa = PBXFileReference; lastKnownFileType = sourcecode.c.objc; path = ViewController.m; sourceTree = "<group>"; };
		D2E90F041BD6B79200490462 /* Base */ = {isa = PBXFileReference; lastKnownFileType = file.storyboard; name = Base; path = Base.lproj/Main.storyboard; sourceTree = "<group>"; };
		D2E90F061BD6B79200490462 /* Assets.xcassets */ = {isa = PBXFileReference; lastKnownFileType = folder.assetcatalog; path = Assets.xcassets; sourceTree = "<group>"; };
		D2E90F091BD6B79200490462 /* Base */ = {isa = PBXFileReference; lastKnownFileType = file.storyboard; name = Base; path = Base.lproj/LaunchScreen.storyboard; sourceTree = "<group>"; };
		D2E90F0B1BD6B79200490462 /* Info.plist */ = {isa = PBXFileReference; lastKnownFileType = text.plist.xml; path = Info.plist; sourceTree = "<group>"; };
		D2E90F101BD6B79200490462 /* Custom ActivityTests.xctest */ = {isa = PBXFileReference; explicitFileType = wrapper.cfbundle; includeInIndex = 0; path = "Custom ActivityTests.xctest"; sourceTree = BUILT_PRODUCTS_DIR; };
		D2E90F141BD6B79200490462 /* Custom_ActivityTests.m */ = {isa = PBXFileReference; lastKnownFileType = sourcecode.c.objc; path = Custom_ActivityTests.m; sourceTree = "<group>"; };
		D2E90F161BD6B79200490462 /* Info.plist */ = {isa = PBXFileReference; lastKnownFileType = text.plist.xml; path = Info.plist; sourceTree = "<group>"; };
		D2E90F1B1BD6B79200490462 /* Custom ActivityUITests.xctest */ = {isa = PBXFileReference; explicitFileType = wrapper.cfbundle; includeInIndex = 0; path = "Custom ActivityUITests.xctest"; sourceTree = BUILT_PRODUCTS_DIR; };
		D2E90F1F1BD6B79200490462 /* Custom_ActivityUITests.m */ = {isa = PBXFileReference; lastKnownFileType = sourcecode.c.objc; path = Custom_ActivityUITests.m; sourceTree = "<group>"; };
		D2E90F211BD6B79200490462 /* Info.plist */ = {isa = PBXFileReference; lastKnownFileType = text.plist.xml; path = Info.plist; sourceTree = "<group>"; };
/* End PBXFileReference section */

/* Begin PBXFrameworksBuildPhase section */
		D2E90EF41BD6B79200490462 /* Frameworks */ = {
			isa = PBXFrameworksBuildPhase;
			buildActionMask = 2147483647;
			files = (
			);
			runOnlyForDeploymentPostprocessing = 0;
		};
		D2E90F0D1BD6B79200490462 /* Frameworks */ = {
			isa = PBXFrameworksBuildPhase;
			buildActionMask = 2147483647;
			files = (
			);
			runOnlyForDeploymentPostprocessing = 0;
		};
		D2E90F181BD6B79200490462 /* Frameworks */ = {
			isa = PBXFrameworksBuildPhase;
			buildActionMask = 2147483647;
			files = (
			);
			runOnlyForDeploymentPostprocessing = 0;
		};
/* End PBXFrameworksBuildPhase section */

/* Begin PBXGroup section */
		D2E90EEE1BD6B79200490462 = {
			isa = PBXGroup;
			children = (
				D2E90EF91BD6B79200490462 /* Custom Activity */,
				D2E90F131BD6B79200490462 /* Custom ActivityTests */,
				D2E90F1E1BD6B79200490462 /* Custom ActivityUITests */,
				D2E90EF81BD6B79200490462 /* Products */,
			);
			sourceTree = "<group>";
		};
		D2E90EF81BD6B79200490462 /* Products */ = {
			isa = PBXGroup;
			children = (
				D2E90EF71BD6B79200490462 /* Custom Activity.app */,
				D2E90F101BD6B79200490462 /* Custom ActivityTests.xctest */,
				D2E90F1B1BD6B79200490462 /* Custom ActivityUITests.xctest */,
			);
			name = Products;
			sourceTree = "<group>";
		};
		D2E90EF91BD6B79200490462 /* Custom Activity */ = {
			isa = PBXGroup;
			children = (
				D2E90EFD1BD6B79200490462 /* AppDelegate.h */,
				D2E90EFE1BD6B79200490462 /* AppDelegate.m */,
				D2E90F001BD6B79200490462 /* ViewController.h */,
				D2E90F011BD6B79200490462 /* ViewController.m */,
				D2E90F031BD6B79200490462 /* Main.storyboard */,
				D2E90F061BD6B79200490462 /* Assets.xcassets */,
				D2E90F081BD6B79200490462 /* LaunchScreen.storyboard */,
				D2E90F0B1BD6B79200490462 /* Info.plist */,
				D2E90EFA1BD6B79200490462 /* Supporting Files */,
			);
			path = "Custom Activity";
			sourceTree = "<group>";
		};
		D2E90EFA1BD6B79200490462 /* Supporting Files */ = {
			isa = PBXGroup;
			children = (
				D2E90EFB1BD6B79200490462 /* main.m */,
			);
			name = "Supporting Files";
			sourceTree = "<group>";
		};
		D2E90F131BD6B79200490462 /* Custom ActivityTests */ = {
			isa = PBXGroup;
			children = (
				D2E90F141BD6B79200490462 /* Custom_ActivityTests.m */,
				D2E90F161BD6B79200490462 /* Info.plist */,
			);
			path = "Custom ActivityTests";
			sourceTree = "<group>";
		};
		D2E90F1E1BD6B79200490462 /* Custom ActivityUITests */ = {
			isa = PBXGroup;
			children = (
				D2E90F1F1BD6B79200490462 /* Custom_ActivityUITests.m */,
				D2E90F211BD6B79200490462 /* Info.plist */,
			);
			path = "Custom ActivityUITests";
			sourceTree = "<group>";
		};
/* End PBXGroup section */

/* Begin PBXNativeTarget section */
		D2E90EF61BD6B79200490462 /* Custom Activity */ = {
			isa = PBXNativeTarget;
			buildConfigurationList = D2E90F241BD6B79200490462 /* Build configuration list for PBXNativeTarget "Custom Activity" */;
			buildPhases = (
				D2E90EF31BD6B79200490462 /* Sources */,
				D2E90EF41BD6B79200490462 /* Frameworks */,
				D2E90EF51BD6B79200490462 /* Resources */,
			);
			buildRules = (
			);
			dependencies = (
			);
			name = "Custom Activity";
			productName = "Custom Activity";
			productReference = D2E90EF71BD6B79200490462 /* Custom Activity.app */;
			productType = "com.apple.product-type.application";
		};
		D2E90F0F1BD6B79200490462 /* Custom ActivityTests */ = {
			isa = PBXNativeTarget;
			buildConfigurationList = D2E90F271BD6B79200490462 /* Build configuration list for PBXNativeTarget "Custom ActivityTests" */;
			buildPhases = (
				D2E90F0C1BD6B79200490462 /* Sources */,
				D2E90F0D1BD6B79200490462 /* Frameworks */,
				D2E90F0E1BD6B79200490462 /* Resources */,
			);
			buildRules = (
			);
			dependencies = (
				D2E90F121BD6B79200490462 /* PBXTargetDependency */,
			);
			name = "Custom ActivityTests";
			productName = "Custom ActivityTests";
			productReference = D2E90F101BD6B79200490462 /* Custom ActivityTests.xctest */;
			productType = "com.apple.product-type.bundle.unit-test";
		};
		D2E90F1A1BD6B79200490462 /* Custom ActivityUITests */ = {
			isa = PBXNativeTarget;
			buildConfigurationList = D2E90F2A1BD6B79200490462 /* Build configuration list for PBXNativeTarget "Custom ActivityUITests" */;
			buildPhases = (
				D2E90F171BD6B79200490462 /* Sources */,
				D2E90F181BD6B79200490462 /* Frameworks */,
				D2E90F191BD6B79200490462 /* Resources */,
			);
			buildRules = (
			);
			dependencies = (
				D2E90F1D1BD6B79200490462 /* PBXTargetDependency */,
			);
			name = "Custom ActivityUITests";
			productName = "Custom ActivityUITests";
			productReference = D2E90F1B1BD6B79200490462 /* Custom ActivityUITests.xctest */;
			productType = "com.apple.product-type.bundle.ui-testing";
		};
/* End PBXNativeTarget section */

/* Begin PBXProject section */
		D2E90EEF1BD6B79200490462 /* Project object */ = {
			isa = PBXProject;
			attributes = {
				LastUpgradeCheck = 0710;
				ORGANIZATIONNAME = "Pinkstone Pictures LLC";
				TargetAttributes = {
					D2E90EF61BD6B79200490462 = {
						CreatedOnToolsVersion = 7.1;
					};
					D2E90F0F1BD6B79200490462 = {
						CreatedOnToolsVersion = 7.1;
						TestTargetID = D2E90EF61BD6B79200490462;
					};
					D2E90F1A1BD6B79200490462 = {
						CreatedOnToolsVersion = 7.1;
						TestTargetID = D2E90EF61BD6B79200490462;
					};
				};
			};
			buildConfigurationList = D2E90EF21BD6B79200490462 /* Build configuration list for PBXProject "Custom Activity" */;
			compatibilityVersion = "Xcode 3.2";
			developmentRegion = English;
			hasScannedForEncodings = 0;
			knownRegions = (
				en,
				Base,
			);
			mainGroup = D2E90EEE1BD6B79200490462;
			productRefGroup = D2E90EF81BD6B79200490462 /* Products */;
			projectDirPath = "";
			projectRoot = "";
			targets = (
				D2E90EF61BD6B79200490462 /* Custom Activity */,
				D2E90F0F1BD6B79200490462 /* Custom ActivityTests */,
				D2E90F1A1BD6B79200490462 /* Custom ActivityUITests */,
			);
		};
/* End PBXProject section */

/* Begin PBXResourcesBuildPhase section */
		D2E90EF51BD6B79200490462 /* Resources */ = {
			isa = PBXResourcesBuildPhase;
			buildActionMask = 2147483647;
			files = (
				D2E90F0A1BD6B79200490462 /* LaunchScreen.storyboard in Resources */,
				D2E90F071BD6B79200490462 /* Assets.xcassets in Resources */,
				D2E90F051BD6B79200490462 /* Main.storyboard in Resources */,
			);
			runOnlyForDeploymentPostprocessing = 0;
		};
		D2E90F0E1BD6B79200490462 /* Resources */ = {
			isa = PBXResourcesBuildPhase;
			buildActionMask = 2147483647;
			files = (
			);
			runOnlyForDeploymentPostprocessing = 0;
		};
		D2E90F191BD6B79200490462 /* Resources */ = {
			isa = PBXResourcesBuildPhase;
			buildActionMask = 2147483647;
			files = (
			);
			runOnlyForDeploymentPostprocessing = 0;
		};
/* End PBXResourcesBuildPhase section */

/* Begin PBXSourcesBuildPhase section */
		D2E90EF31BD6B79200490462 /* Sources */ = {
			isa = PBXSourcesBuildPhase;
			buildActionMask = 2147483647;
			files = (
				D2E90F021BD6B79200490462 /* ViewController.m in Sources */,
				D2E90EFF1BD6B79200490462 /* AppDelegate.m in Sources */,
				D2E90EFC1BD6B79200490462 /* main.m in Sources */,
			);
			runOnlyForDeploymentPostprocessing = 0;
		};
		D2E90F0C1BD6B79200490462 /* Sources */ = {
			isa = PBXSourcesBuildPhase;
			buildActionMask = 2147483647;
			files = (
				D2E90F151BD6B79200490462 /* Custom_ActivityTests.m in Sources */,
			);
			runOnlyForDeploymentPostprocessing = 0;
		};
		D2E90F171BD6B79200490462 /* Sources */ = {
			isa = PBXSourcesBuildPhase;
			buildActionMask = 2147483647;
			files = (
				D2E90F201BD6B79200490462 /* Custom_ActivityUITests.m in Sources */,
			);
			runOnlyForDeploymentPostprocessing = 0;
		};
/* End PBXSourcesBuildPhase section */

/* Begin PBXTargetDependency section */
		D2E90F121BD6B79200490462 /* PBXTargetDependency */ = {
			isa = PBXTargetDependency;
			target = D2E90EF61BD6B79200490462 /* Custom Activity */;
			targetProxy = D2E90F111BD6B79200490462 /* PBXContainerItemProxy */;
		};
		D2E90F1D1BD6B79200490462 /* PBXTargetDependency */ = {
			isa = PBXTargetDependency;
			target = D2E90EF61BD6B79200490462 /* Custom Activity */;
			targetProxy = D2E90F1C1BD6B79200490462 /* PBXContainerItemProxy */;
		};
/* End PBXTargetDependency section */

/* Begin PBXVariantGroup section */
		D2E90F031BD6B79200490462 /* Main.storyboard */ = {
			isa = PBXVariantGroup;
			children = (
				D2E90F041BD6B79200490462 /* Base */,
			);
			name = Main.storyboard;
			sourceTree = "<group>";
		};
		D2E90F081BD6B79200490462 /* LaunchScreen.storyboard */ = {
			isa = PBXVariantGroup;
			children = (
				D2E90F091BD6B79200490462 /* Base */,
			);
			name = LaunchScreen.storyboard;
			sourceTree = "<group>";
		};
/* End PBXVariantGroup section */

/* Begin XCBuildConfiguration section */
		D2E90F221BD6B79200490462 /* Debug */ = {
			isa = XCBuildConfiguration;
			buildSettings = {
				ALWAYS_SEARCH_USER_PATHS = NO;
				CLANG_CXX_LANGUAGE_STANDARD = "gnu++0x";
				CLANG_CXX_LIBRARY = "libc++";
				CLANG_ENABLE_MODULES = YES;
				CLANG_ENABLE_OBJC_ARC = YES;
				CLANG_WARN_BOOL_CONVERSION = YES;
				CLANG_WARN_CONSTANT_CONVERSION = YES;
				CLANG_WARN_DIRECT_OBJC_ISA_USAGE = YES_ERROR;
				CLANG_WARN_EMPTY_BODY = YES;
				CLANG_WARN_ENUM_CONVERSION = YES;
				CLANG_WARN_INT_CONVERSION = YES;
				CLANG_WARN_OBJC_ROOT_CLASS = YES_ERROR;
				CLANG_WARN_UNREACHABLE_CODE = YES;
				CLANG_WARN__DUPLICATE_METHOD_MATCH = YES;
				"CODE_SIGN_IDENTITY[sdk=iphoneos*]" = "iPhone Developer";
				COPY_PHASE_STRIP = NO;
				DEBUG_INFORMATION_FORMAT = dwarf;
				ENABLE_STRICT_OBJC_MSGSEND = YES;
				ENABLE_TESTABILITY = YES;
				GCC_C_LANGUAGE_STANDARD = gnu99;
				GCC_DYNAMIC_NO_PIC = NO;
				GCC_NO_COMMON_BLOCKS = YES;
				GCC_OPTIMIZATION_LEVEL = 0;
				GCC_PREPROCESSOR_DEFINITIONS = (
					"DEBUG=1",
					"$(inherited)",
				);
				GCC_WARN_64_TO_32_BIT_CONVERSION = YES;
				GCC_WARN_ABOUT_RETURN_TYPE = YES_ERROR;
				GCC_WARN_UNDECLARED_SELECTOR = YES;
				GCC_WARN_UNINITIALIZED_AUTOS = YES_AGGRESSIVE;
				GCC_WARN_UNUSED_FUNCTION = YES;
				GCC_WARN_UNUSED_VARIABLE = YES;
				IPHONEOS_DEPLOYMENT_TARGET = 9.1;
				MTL_ENABLE_DEBUG_INFO = YES;
				ONLY_ACTIVE_ARCH = YES;
				SDKROOT = iphoneos;
				TARGETED_DEVICE_FAMILY = "1,2";
			};
			name = Debug;
		};
		D2E90F231BD6B79200490462 /* Release */ = {
			isa = XCBuildConfiguration;
			buildSettings = {
				ALWAYS_SEARCH_USER_PATHS = NO;
				CLANG_CXX_LANGUAGE_STANDARD = "gnu++0x";
				CLANG_CXX_LIBRARY = "libc++";
				CLANG_ENABLE_MODULES = YES;
				CLANG_ENABLE_OBJC_ARC = YES;
				CLANG_WARN_BOOL_CONVERSION = YES;
				CLANG_WARN_CONSTANT_CONVERSION = YES;
				CLANG_WARN_DIRECT_OBJC_ISA_USAGE = YES_ERROR;
				CLANG_WARN_EMPTY_BODY = YES;
				CLANG_WARN_ENUM_CONVERSION = YES;
				CLANG_WARN_INT_CONVERSION = YES;
				CLANG_WARN_OBJC_ROOT_CLASS = YES_ERROR;
				CLANG_WARN_UNREACHABLE_CODE = YES;
				CLANG_WARN__DUPLICATE_METHOD_MATCH = YES;
				"CODE_SIGN_IDENTITY[sdk=iphoneos*]" = "iPhone Developer";
				COPY_PHASE_STRIP = NO;
				DEBUG_INFORMATION_FORMAT = "dwarf-with-dsym";
				ENABLE_NS_ASSERTIONS = NO;
				ENABLE_STRICT_OBJC_MSGSEND = YES;
				GCC_C_LANGUAGE_STANDARD = gnu99;
				GCC_NO_COMMON_BLOCKS = YES;
				GCC_WARN_64_TO_32_BIT_CONVERSION = YES;
				GCC_WARN_ABOUT_RETURN_TYPE = YES_ERROR;
				GCC_WARN_UNDECLARED_SELECTOR = YES;
				GCC_WARN_UNINITIALIZED_AUTOS = YES_AGGRESSIVE;
				GCC_WARN_UNUSED_FUNCTION = YES;
				GCC_WARN_UNUSED_VARIABLE = YES;
				IPHONEOS_DEPLOYMENT_TARGET = 9.1;
				MTL_ENABLE_DEBUG_INFO = NO;
				SDKROOT = iphoneos;
				TARGETED_DEVICE_FAMILY = "1,2";
				VALIDATE_PRODUCT = YES;
			};
			name = Release;
		};
		D2E90F251BD6B79200490462 /* Debug */ = {
			isa = XCBuildConfiguration;
			buildSettings = {
				ASSETCATALOG_COMPILER_APPICON_NAME = AppIcon;
				INFOPLIST_FILE = "Custom Activity/Info.plist";
				LD_RUNPATH_SEARCH_PATHS = "$(inherited) @executable_path/Frameworks";
				PRODUCT_BUNDLE_IDENTIFIER = "com.versluis.Custom-Activity";
				PRODUCT_NAME = "$(TARGET_NAME)";
			};
			name = Debug;
		};
		D2E90F261BD6B79200490462 /* Release */ = {
			isa = XCBuildConfiguration;
			buildSettings = {
				ASSETCATALOG_COMPILER_APPICON_NAME = AppIcon;
				INFOPLIST_FILE = "Custom Activity/Info.plist";
				LD_RUNPATH_SEARCH_PATHS = "$(inherited) @executable_path/Frameworks";
				PRODUCT_BUNDLE_IDENTIFIER = "com.versluis.Custom-Activity";
				PRODUCT_NAME = "$(TARGET_NAME)";
			};
			name = Release;
		};
		D2E90F281BD6B79200490462 /* Debug */ = {
			isa = XCBuildConfiguration;
			buildSettings = {
				BUNDLE_LOADER = "$(TEST_HOST)";
				INFOPLIST_FILE = "Custom ActivityTests/Info.plist";
				LD_RUNPATH_SEARCH_PATHS = "$(inherited) @executable_path/Frameworks @loader_path/Frameworks";
				PRODUCT_BUNDLE_IDENTIFIER = "com.versluis.Custom-ActivityTests";
				PRODUCT_NAME = "$(TARGET_NAME)";
				TEST_HOST = "$(BUILT_PRODUCTS_DIR)/Custom Activity.app/Custom Activity";
			};
			name = Debug;
		};
		D2E90F291BD6B79200490462 /* Release */ = {
			isa = XCBuildConfiguration;
			buildSettings = {
				BUNDLE_LOADER = "$(TEST_HOST)";
				INFOPLIST_FILE = "Custom ActivityTests/Info.plist";
				LD_RUNPATH_SEARCH_PATHS = "$(inherited) @executable_path/Frameworks @loader_path/Frameworks";
				PRODUCT_BUNDLE_IDENTIFIER = "com.versluis.Custom-ActivityTests";
				PRODUCT_NAME = "$(TARGET_NAME)";
				TEST_HOST = "$(BUILT_PRODUCTS_DIR)/Custom Activity.app/Custom Activity";
			};
			name = Release;
		};
		D2E90F2B1BD6B79200490462 /* Debug */ = {
			isa = XCBuildConfiguration;
			buildSettings = {
				INFOPLIST_FILE = "Custom ActivityUITests/Info.plist";
				LD_RUNPATH_SEARCH_PATHS = "$(inherited) @executable_path/Frameworks @loader_path/Frameworks";
				PRODUCT_BUNDLE_IDENTIFIER = "com.versluis.Custom-ActivityUITests";
				PRODUCT_NAME = "$(TARGET_NAME)";
				TEST_TARGET_NAME = "Custom Activity";
				USES_XCTRUNNER = YES;
			};
			name = Debug;
		};
		D2E90F2C1BD6B79200490462 /* Release */ = {
			isa = XCBuildConfiguration;
			buildSettings = {
				INFOPLIST_FILE = "Custom ActivityUITests/Info.plist";
				LD_RUNPATH_SEARCH_PATHS = "$(inherited) @executable_path/Frameworks @loader_path/Frameworks";
				PRODUCT_BUNDLE_IDENTIFIER = "com.versluis.Custom-ActivityUITests";
				PRODUCT_NAME = "$(TARGET_NAME)";
				TEST_TARGET_NAME = "Custom Activity";
				USES_XCTRUNNER = YES;
			};
			name = Release;
		};
/* End XCBuildConfiguration section */

/* Begin XCConfigurationList section */
		D2E90EF21BD6B79200490462 /* Build configuration list for PBXProject "Custom Activity" */ = {
			isa = XCConfigurationList;
			buildConfigurations = (
				D2E90F221BD6B79200490462 /* Debug */,
				D2E90F231BD6B79200490462 /* Release */,
			);
			defaultConfigurationIsVisible = 0;
			defaultConfigurationName = Release;
		};
		D2E90F241BD6B79200490462 /* Build configuration list for PBXNativeTarget "Custom Activity" */ = {
			isa = XCConfigurationList;
			buildConfigurations = (
				D2E90F251BD6B79200490462 /* Debug */,
				D2E90F261BD6B79200490462 /* Release */,
			);
			defaultConfigurationIsVisible = 0;
		};
		D2E90F271BD6B79200490462 /* Build configuration list for PBXNativeTarget "Custom ActivityTests" */ = {
			isa = XCConfigurationList;
			buildConfigurations = (
				D2E90F281BD6B79200490462 /* Debug */,
				D2E90F291BD6B79200490462 /* Release */,
			);
			defaultConfigurationIsVisible = 0;
		};
		D2E90F2A1BD6B79200490462 /* Build configuration list for PBXNativeTarget "Custom ActivityUITests" */ = {
			isa = XCConfigurationList;
			buildConfigurations = (
				D2E90F2B1BD6B79200490462 /* Debug */,
				D2E90F2C1BD6B79200490462 /* Release */,
			);
			defaultConfigurationIsVisible = 0;
		};
/* End XCConfigurationList section */
	};
	rootObject = D2E90EEF1BD6B79200490462 /* Project object */;
}
